
Microsoft Visual Studio Solution File, Format Version 12.00
# Visual Studio 15
VisualStudioVersion = 15.0.27428.2005
MinimumVisualStudioVersion = 10.0.40219.1
Project("{FAE04EC0-301F-11D3-BF4B-00C04F79EFBC}") = "sharp", "sharp\sharp.csproj", "{B58D89D4-6B9D-4E1A-B6A4-9013FC571CCF}"
EndProject
Global
	GlobalSection(SolutionConfigurationPlatforms) = preSolution
		Debug|Any CPU = Debug|Any CPU
		Release|Any CPU = Release|Any CPU
	EndGlobalSection
	GlobalSection(ProjectConfigurationPlatforms) = postSolution
		{B58D89D4-6B9D-4E1A-B6A4-9013FC571CCF}.Debug|Any CPU.ActiveCfg = Debug|Any CPU
		{B58D89D4-6B9D-4E1A-B6A4-9013FC571CCF}.Debug|Any CPU.Build.0 = Debug|Any CPU
		{B58D89D4-6B9D-4E1A-B6A4-9013FC571CCF}.Release|Any CPU.ActiveCfg = Release|Any CPU
		{B58D89D4-6B9D-4E1A-B6A4-9013FC571CCF}.Release|Any CPU.Build.0 = Release|Any CPU
	EndGlobalSection
	GlobalSection(SolutionProperties) = preSolution
		HideSolutionNode = FALSE
	EndGlobalSection
	GlobalSection(ExtensibilityGlobals) = postSolution
		SolutionGuid = {5B5BE5B8-D08A-45E3-B1AF-7CB36DBABEAE}
	EndGlobalSection
EndGlobal
